PODS:
  - "app_settings (3.0.0+1)":
    - Flutter
  - connectivity_plus (0.0.1):
    - Flutter
    - Reachability
  - device_info (0.0.1):
    - Flutter
  - DKImagePickerController/Core (4.3.2):
    - DKImagePickerController/ImageDataManager
    - DKImagePickerController/Resource
  - DKImagePickerController/ImageDataManager (4.3.2)
  - DKImagePickerController/PhotoGallery (4.3.2):
    - DKImagePickerController/Core
    - DKPhotoGallery
  - DKImagePickerController/Resource (4.3.2)
  - DKPhotoGallery (0.0.17):
    - DKPhotoGallery/Core (= 0.0.17)
    - DKPhotoGallery/Model (= 0.0.17)
    - DKPhotoGallery/Preview (= 0.0.17)
    - DKPhotoGallery/Resource (= 0.0.17)
    - SDWebImage
    - SwiftyGif
  - DKPhotoGallery/Core (0.0.17):
    - DKPhotoGallery/Model
    - DKPhotoGallery/Preview
    - SDWebImage
    - SwiftyGif
  - DKPhotoGallery/Model (0.0.17):
    - SDWebImage
    - SwiftyGif
  - DKPhotoGallery/Preview (0.0.17):
    - DKPhotoGallery/Model
    - DKPhotoGallery/Resource
    - SDWebImage
    - SwiftyGif
  - DKPhotoGallery/Resource (0.0.17):
    - SDWebImage
    - SwiftyGif
  - FBSDKCoreKit (11.0.1):
    - FBSDKCoreKit/Core (= 11.0.1)
  - FBSDKCoreKit/Core (11.0.1):
    - FBSDKCoreKit_Basics (~> 11.0.1)
  - FBSDKCoreKit_Basics (11.0.1):
    - FBSDKCoreKit_Basics/Basics (= 11.0.1)
  - FBSDKCoreKit_Basics/Basics (11.0.1)
  - FBSDKLoginKit (11.0.1):
    - FBSDKLoginKit/Login (= 11.0.1)
  - FBSDKLoginKit/Login (11.0.1):
    - FBSDKCoreKit (~> 11.0.1)
    - FBSDKCoreKit_Basics (~> 11.0.1)
  - file_picker (0.0.1):
    - DKImagePickerController/PhotoGallery
    - Flutter
  - Firebase/Analytics (8.11.0):
    - Firebase/Core
  - Firebase/Core (8.11.0):
    - Firebase/CoreOnly
    - FirebaseAnalytics (~> 8.11.0)
  - Firebase/CoreOnly (8.11.0):
    - FirebaseCore (= 8.11.0)
  - Firebase/Messaging (8.11.0):
    - Firebase/CoreOnly
    - FirebaseMessaging (~> 8.11.0)
  - Firebase/RemoteConfig (8.11.0):
    - Firebase/CoreOnly
    - FirebaseRemoteConfig (~> 8.11.0)
  - firebase_analytics (8.3.0):
    - Firebase/Analytics (= 8.11.0)
    - firebase_core
    - Flutter
  - firebase_core (1.13.1):
    - Firebase/CoreOnly (= 8.11.0)
    - Flutter
  - firebase_messaging (11.2.11):
    - Firebase/Messaging (= 8.11.0)
    - firebase_core
    - Flutter
  - firebase_remote_config (0.10.0-4):
    - Firebase/RemoteConfig (= 8.11.0)
    - firebase_core
    - Flutter
  - FirebaseABTesting (8.14.0):
    - FirebaseCore (~> 8.0)
  - FirebaseAnalytics (8.11.0):
    - FirebaseAnalytics/AdIdSupport (= 8.11.0)
    - FirebaseCore (~> 8.0)
    - FirebaseInstallations (~> 8.0)
    - GoogleUtilities/AppDelegateSwizzler (~> 7.7)
    - GoogleUtilities/MethodSwizzler (~> 7.7)
    - GoogleUtilities/Network (~> 7.7)
    - "GoogleUtilities/NSData+zlib (~> 7.7)"
    - nanopb (~> 2.30908.0)
  - FirebaseAnalytics/AdIdSupport (8.11.0):
    - FirebaseCore (~> 8.0)
    - FirebaseInstallations (~> 8.0)
    - GoogleAppMeasurement (= 8.11.0)
    - GoogleUtilities/AppDelegateSwizzler (~> 7.7)
    - GoogleUtilities/MethodSwizzler (~> 7.7)
    - GoogleUtilities/Network (~> 7.7)
    - "GoogleUtilities/NSData+zlib (~> 7.7)"
    - nanopb (~> 2.30908.0)
  - FirebaseCore (8.11.0):
    - FirebaseCoreDiagnostics (~> 8.0)
    - GoogleUtilities/Environment (~> 7.7)
    - GoogleUtilities/Logger (~> 7.7)
  - FirebaseCoreDiagnostics (8.14.0):
    - GoogleDataTransport (~> 9.1)
    - GoogleUtilities/Environment (~> 7.7)
    - GoogleUtilities/Logger (~> 7.7)
    - nanopb (~> 2.30908.0)
  - FirebaseInstallations (8.14.0):
    - FirebaseCore (~> 8.0)
    - GoogleUtilities/Environment (~> 7.7)
    - GoogleUtilities/UserDefaults (~> 7.7)
    - PromisesObjC (< 3.0, >= 1.2)
  - FirebaseMessaging (8.11.0):
    - FirebaseCore (~> 8.0)
    - FirebaseInstallations (~> 8.0)
    - GoogleDataTransport (~> 9.1)
    - GoogleUtilities/AppDelegateSwizzler (~> 7.7)
    - GoogleUtilities/Environment (~> 7.7)
    - GoogleUtilities/Reachability (~> 7.7)
    - GoogleUtilities/UserDefaults (~> 7.7)
    - nanopb (~> 2.30908.0)
  - FirebaseRemoteConfig (8.11.0):
    - FirebaseABTesting (~> 8.0)
    - FirebaseCore (~> 8.0)
    - FirebaseInstallations (~> 8.0)
    - GoogleUtilities/Environment (~> 7.7)
    - "GoogleUtilities/NSData+zlib (~> 7.7)"
  - Flutter (1.0.0)
  - flutter_app_badger (0.0.1):
    - Flutter
  - flutter_facebook_auth (2.0.0):
    - FBSDKCoreKit (~> 11.0.0)
    - FBSDKLoginKit (~> 11.0.0)
    - Flutter
  - FMDB (2.7.5):
    - FMDB/standard (= 2.7.5)
  - FMDB/standard (2.7.5)
  - geocoder (0.0.1):
    - Flutter
  - geocoding (1.0.5):
    - Flutter
  - geolocator_apple (1.2.0):
    - Flutter
  - google_maps_flutter (0.0.1):
    - Flutter
    - GoogleMaps
  - GoogleAppMeasurement (8.11.0):
    - GoogleAppMeasurement/AdIdSupport (= 8.11.0)
    - GoogleUtilities/AppDelegateSwizzler (~> 7.7)
    - GoogleUtilities/MethodSwizzler (~> 7.7)
    - GoogleUtilities/Network (~> 7.7)
    - "GoogleUtilities/NSData+zlib (~> 7.7)"
    - nanopb (~> 2.30908.0)
  - GoogleAppMeasurement/AdIdSupport (8.11.0):
    - GoogleAppMeasurement/WithoutAdIdSupport (= 8.11.0)
    - GoogleUtilities/AppDelegateSwizzler (~> 7.7)
    - GoogleUtilities/MethodSwizzler (~> 7.7)
    - GoogleUtilities/Network (~> 7.7)
    - "GoogleUtilities/NSData+zlib (~> 7.7)"
    - nanopb (~> 2.30908.0)
  - GoogleAppMeasurement/WithoutAdIdSupport (8.11.0):
    - GoogleUtilities/AppDelegateSwizzler (~> 7.7)
    - GoogleUtilities/MethodSwizzler (~> 7.7)
    - GoogleUtilities/Network (~> 7.7)
    - "GoogleUtilities/NSData+zlib (~> 7.7)"
    - nanopb (~> 2.30908.0)
  - GoogleDataTransport (9.1.2):
    - GoogleUtilities/Environment (~> 7.2)
    - nanopb (~> 2.30908.0)
    - PromisesObjC (< 3.0, >= 1.2)
  - GoogleMaps (5.1.0):
    - GoogleMaps/Maps (= 5.1.0)
  - GoogleMaps/Base (5.1.0)
  - GoogleMaps/Maps (5.1.0):
    - GoogleMaps/Base
  - GoogleUtilities/AppDelegateSwizzler (7.7.0):
    - GoogleUtilities/Environment
    - GoogleUtilities/Logger
    - GoogleUtilities/Network
  - GoogleUtilities/Environment (7.7.0):
    - PromisesObjC (< 3.0, >= 1.2)
  - GoogleUtilities/Logger (7.7.0):
    - GoogleUtilities/Environment
  - GoogleUtilities/MethodSwizzler (7.7.0):
    - GoogleUtilities/Logger
  - GoogleUtilities/Network (7.7.0):
    - GoogleUtilities/Logger
    - "GoogleUtilities/NSData+zlib"
    - GoogleUtilities/Reachability
  - "GoogleUtilities/NSData+zlib (7.7.0)"
  - GoogleUtilities/Reachability (7.7.0):
    - GoogleUtilities/Logger
  - GoogleUtilities/UserDefaults (7.7.0):
    - GoogleUtilities/Logger
  - image_picker (0.0.1):
    - Flutter
  - launch_review (0.0.1):
    - Flutter
  - location (0.0.1):
    - Flutter
  - nanopb (2.30908.0):
    - nanopb/decode (= 2.30908.0)
    - nanopb/encode (= 2.30908.0)
  - nanopb/decode (2.30908.0)
  - nanopb/encode (2.30908.0)
  - package_info (0.0.1):
    - Flutter
  - package_info_plus (0.4.5):
    - Flutter
  - path_provider (0.0.1):
    - Flutter
  - PromisesObjC (2.0.0)
  - Reachability (3.2)
  - rms_mobile_xdk_flutter (0.0.1):
    - Flutter
  - SDWebImage (5.11.1):
    - SDWebImage/Core (= 5.11.1)
  - SDWebImage/Core (5.11.1)
  - shared_preferences_ios (0.0.1):
    - Flutter
  - sign_in_with_apple (0.0.1):
    - Flutter
  - sqflite (0.0.2):
    - Flutter
    - FMDB (>= 2.7.5)
  - SwiftyGif (5.4.0)
  - url_launcher (0.0.1):
    - Flutter
  - zendesk2 (0.0.1):
    - Flutter
    - ZendeskAnswerBotProvidersSDK (~> 2.1.3)
    - ZendeskChatProvidersSDK (~> 2.11.1)
    - ZendeskCoreSDK (~> 2.5.1)
  - ZendeskAnswerBotProvidersSDK (2.1.3):
    - ZendeskSupportProvidersSDK (~> 5.3.0)
  - ZendeskChatProvidersSDK (2.11.1)
  - ZendeskCoreSDK (2.5.1)
  - ZendeskSupportProvidersSDK (5.3.0):
    - ZendeskCoreSDK (~> 2.5.1)

DEPENDENCIES:
  - app_settings (from `.symlinks/plugins/app_settings/ios`)
  - connectivity_plus (from `.symlinks/plugins/connectivity_plus/ios`)
  - device_info (from `.symlinks/plugins/device_info/ios`)
  - DKImagePickerController/PhotoGallery (from `https://github.com/miguelpruivo/DKImagePickerController.git`)
  - file_picker (from `.symlinks/plugins/file_picker/ios`)
  - firebase_analytics (from `.symlinks/plugins/firebase_analytics/ios`)
  - firebase_core (from `.symlinks/plugins/firebase_core/ios`)
  - firebase_messaging (from `.symlinks/plugins/firebase_messaging/ios`)
  - firebase_remote_config (from `.symlinks/plugins/firebase_remote_config/ios`)
  - Flutter (from `Flutter`)
  - flutter_app_badger (from `.symlinks/plugins/flutter_app_badger/ios`)
  - flutter_facebook_auth (from `.symlinks/plugins/flutter_facebook_auth/ios`)
  - geocoder (from `.symlinks/plugins/geocoder/ios`)
  - geocoding (from `.symlinks/plugins/geocoding/ios`)
  - geolocator_apple (from `.symlinks/plugins/geolocator_apple/ios`)
  - google_maps_flutter (from `.symlinks/plugins/google_maps_flutter/ios`)
  - image_picker (from `.symlinks/plugins/image_picker/ios`)
  - launch_review (from `.symlinks/plugins/launch_review/ios`)
  - location (from `.symlinks/plugins/location/ios`)
  - package_info (from `.symlinks/plugins/package_info/ios`)
  - package_info_plus (from `.symlinks/plugins/package_info_plus/ios`)
  - path_provider (from `.symlinks/plugins/path_provider/ios`)
  - rms_mobile_xdk_flutter (from `.symlinks/plugins/rms_mobile_xdk_flutter/ios`)
  - shared_preferences_ios (from `.symlinks/plugins/shared_preferences_ios/ios`)
  - sign_in_with_apple (from `.symlinks/plugins/sign_in_with_apple/ios`)
  - sqflite (from `.symlinks/plugins/sqflite/ios`)
  - url_launcher (from `.symlinks/plugins/url_launcher/ios`)
  - zendesk2 (from `.symlinks/plugins/zendesk2/ios`)

SPEC REPOS:
  trunk:
    - DKPhotoGallery
    - FBSDKCoreKit
    - FBSDKCoreKit_Basics
    - FBSDKLoginKit
    - Firebase
    - FirebaseABTesting
    - FirebaseAnalytics
    - FirebaseCore
    - FirebaseCoreDiagnostics
    - FirebaseInstallations
    - FirebaseMessaging
    - FirebaseRemoteConfig
    - FMDB
    - GoogleAppMeasurement
    - GoogleDataTransport
    - GoogleMaps
    - GoogleUtilities
    - nanopb
    - PromisesObjC
    - Reachability
    - SDWebImage
    - SwiftyGif
    - ZendeskAnswerBotProvidersSDK
    - ZendeskChatProvidersSDK
    - ZendeskCoreSDK
    - ZendeskSupportProvidersSDK

EXTERNAL SOURCES:
  app_settings:
    :path: ".symlinks/plugins/app_settings/ios"
  connectivity_plus:
    :path: ".symlinks/plugins/connectivity_plus/ios"
  device_info:
    :path: ".symlinks/plugins/device_info/ios"
  DKImagePickerController:
    :git: https://github.com/miguelpruivo/DKImagePickerController.git
  file_picker:
    :path: ".symlinks/plugins/file_picker/ios"
  firebase_analytics:
    :path: ".symlinks/plugins/firebase_analytics/ios"
  firebase_core:
    :path: ".symlinks/plugins/firebase_core/ios"
  firebase_messaging:
    :path: ".symlinks/plugins/firebase_messaging/ios"
  firebase_remote_config:
    :path: ".symlinks/plugins/firebase_remote_config/ios"
  Flutter:
    :path: Flutter
  flutter_app_badger:
    :path: ".symlinks/plugins/flutter_app_badger/ios"
  flutter_facebook_auth:
    :path: ".symlinks/plugins/flutter_facebook_auth/ios"
  geocoder:
    :path: ".symlinks/plugins/geocoder/ios"
  geocoding:
    :path: ".symlinks/plugins/geocoding/ios"
  geolocator_apple:
    :path: ".symlinks/plugins/geolocator_apple/ios"
  google_maps_flutter:
    :path: ".symlinks/plugins/google_maps_flutter/ios"
  image_picker:
    :path: ".symlinks/plugins/image_picker/ios"
  launch_review:
    :path: ".symlinks/plugins/launch_review/ios"
  location:
    :path: ".symlinks/plugins/location/ios"
  package_info:
    :path: ".symlinks/plugins/package_info/ios"
  package_info_plus:
    :path: ".symlinks/plugins/package_info_plus/ios"
  path_provider:
    :path: ".symlinks/plugins/path_provider/ios"
  rms_mobile_xdk_flutter:
    :path: ".symlinks/plugins/rms_mobile_xdk_flutter/ios"
  shared_preferences_ios:
    :path: ".symlinks/plugins/shared_preferences_ios/ios"
  sign_in_with_apple:
    :path: ".symlinks/plugins/sign_in_with_apple/ios"
  sqflite:
    :path: ".symlinks/plugins/sqflite/ios"
  url_launcher:
    :path: ".symlinks/plugins/url_launcher/ios"
  zendesk2:
    :path: ".symlinks/plugins/zendesk2/ios"

CHECKOUT OPTIONS:
  DKImagePickerController:
    :commit: ded0926eb9fddf0bc03fa79d552b1cbd3537ce97
    :git: https://github.com/miguelpruivo/DKImagePickerController.git

SPEC CHECKSUMS:
  app_settings: d103828c9f5d515c4df9ee754dabd443f7cedcf3
  connectivity_plus: 5f0eb61093bec56935f21a1699dd2758bc895587
  device_info: d7d233b645a32c40dfdc212de5cf646ca482f175
  DKImagePickerController: b5eb7f7a388e4643264105d648d01f727110fc3d
  DKPhotoGallery: fdfad5125a9fdda9cc57df834d49df790dbb4179
  FBSDKCoreKit: 38c9e29a3f1436362acacff6486d3a28628c288f
  FBSDKCoreKit_Basics: 06780a4a12e16596bde8406add02c6aa1bf38616
  FBSDKLoginKit: 8243e04c590c38b85c69fcf09d1234514d2475c3
  file_picker: 3e6c3790de664ccf9b882732d9db5eaf6b8d4eb1
  Firebase: 44dd9724c84df18b486639e874f31436eaa9a20c
  firebase_analytics: 9d1432d09c9d72dce72bf1c6aaab77864ce63a9f
  firebase_core: 08f6a85f62060111de5e98d6a214810d11365de9
  firebase_messaging: 4a993bb4aa1a83349988d853c637fbb0494dab15
  firebase_remote_config: ec157780ade22d8af5bc3602191994683c3d86ba
  FirebaseABTesting: aaa0e096c9fc9972ce6806d596e8fcc077d4371f
  FirebaseAnalytics: 4e4b13031034e6561ed3bd1d47b6fdabbd6487c6
  FirebaseCore: 2f4f85b453cc8fea4bb2b37e370007d2bcafe3f0
  FirebaseCoreDiagnostics: fd0c8490f34287229c1d6c103d3a55f81ec85712
  FirebaseInstallations: 7d1d967a307c12f1aadd76844fc321cef699b1ce
  FirebaseMessaging: 02e248e8997f71fa8cc9d78e9d49ec1a701ba14a
  FirebaseRemoteConfig: a6a1ce9dabf404817ae2a44e8421d276660d9091
  Flutter: 50d75fe2f02b26cc09d224853bb45737f8b3214a
  flutter_app_badger: 65de4d6f0c34a891df49e6cfb8a1c0496426fa68
  flutter_facebook_auth: abc044072738b7baa90d80583dabdb1211614f0d
  FMDB: 2ce00b547f966261cd18927a3ddb07cb6f3db82a
  geocoder: 3cfab70531a0b367e917bafe82df4c30f6d4c45a
  geocoding: 32cfcdb16d38d907caaba65e2e42ad10d38bee58
  geolocator_apple: b741765c55dc21950e3e106e8b3584e55cf81ce5
  google_maps_flutter: df4e7de95264aa0a2f11aac0fc7e313acb8ffc7e
  GoogleAppMeasurement: aa3cb422fab2b05d2efac543a5720d1a85b9dea5
  GoogleDataTransport: 629c20a4d363167143f30ea78320d5a7eb8bd940
  GoogleMaps: 086ae1dab659eaa7339bdb30fc88e2f44e7c597c
  GoogleUtilities: e0913149f6b0625b553d70dae12b49fc62914fd1
  image_picker: e06f7a68f000bd36f552c1847e33cda96ed31f1f
  launch_review: 75d5a956ba8eaa493e9c9d4bf4c05e505e8d5ed0
  location: 3a2eed4dd2fab25e7b7baf2a9efefe82b512d740
  nanopb: a0ba3315591a9ae0a16a309ee504766e90db0c96
  package_info: 873975fc26034f0b863a300ad47e7f1ac6c7ec62
  package_info_plus: 6c92f08e1f853dc01228d6f553146438dafcd14e
  path_provider: abfe2b5c733d04e238b0d8691db0cfd63a27a93c
  PromisesObjC: 68159ce6952d93e17b2dfe273b8c40907db5ba58
  Reachability: 33e18b67625424e47b6cde6d202dce689ad7af96
  rms_mobile_xdk_flutter: 4a9b67d0ee3c7f24137a2edecf3bb3b3d3a041a9
  SDWebImage: a7f831e1a65eb5e285e3fb046a23fcfbf08e696d
  shared_preferences_ios: 548a61f8053b9b8a49ac19c1ffbc8b92c50d68ad
  sign_in_with_apple: f3bf75217ea4c2c8b91823f225d70230119b8440
  sqflite: 6d358c025f5b867b29ed92fc697fd34924e11904
  SwiftyGif: 5d4af95df24caf1c570dbbcb32a3b8a0763bc6d7
  url_launcher: 6fef411d543ceb26efce54b05a0a40bfd74cbbef
  zendesk2: 03a196b0575f01ca7c284fd59d2fd87919d3934c
  ZendeskAnswerBotProvidersSDK: 8ef75d4484f09c324cd93ce2725364d73dbabcf5
  ZendeskChatProvidersSDK: 37901c1c7529722d71ffade971bb984edd74a5e1
  ZendeskCoreSDK: 19a18e5ef2edcb18f4dbc0ea0d12bd31f515712a
  ZendeskSupportProvidersSDK: 2bdf8544f7cd0fd4c002546f5704b813845beb2a

PODFILE CHECKSUM: 0682d3315b82edf752905d27c887a937fdd429e4

COCOAPODS: 1.11.3
